
Microsoft Visual Studio Solution File, Format Version 12.00
# Visual Studio 15
Project("{8BC9CEB8-8B4A-11D0-8D11-00A0C91BC942}") = "Pholos", "Pholos\Pholos.vcxproj", "{BA6314CA-A605-3FA0-8FC0-52F47B01C6F0}"
EndProject
Global
	GlobalSection(SolutionConfigurationPlatforms) = preSolution
		Debug|x64 = Debug|x64
		Release|x64 = Release|x64
	EndGlobalSection
	GlobalSection(ProjectConfigurationPlatforms) = postSolution
		{BA6314CA-A605-3FA0-8FC0-52F47B01C6F0}.Debug|x64.ActiveCfg = Debug|x64
		{BA6314CA-A605-3FA0-8FC0-52F47B01C6F0}.Debug|x64.Build.0 = Debug|x64
		{BA6314CA-A605-3FA0-8FC0-52F47B01C6F0}.Release|x64.ActiveCfg = Release|x64
		{BA6314CA-A605-3FA0-8FC0-52F47B01C6F0}.Release|x64.Build.0 = Release|x64
	EndGlobalSection
	GlobalSection(SolutionProperties) = preSolution
		HideSolutionNode = FALSE
	EndGlobalSection
EndGlobal
