<?xml version="1.0" encoding="utf-8"?>
<Project ToolsVersion="4.0" xmlns="http://schemas.microsoft.com/developer/msbuild/2003">
  <ItemGroup>
    <Filter Include="Controller">
      <UniqueIdentifier>{E9A3153E-D55B-578B-3E63-30E72A3AF27B}</UniqueIdentifier>
    </Filter>
    <Filter Include="Helper">
      <UniqueIdentifier>{C53F33B7-B1E1-5D8D-9A9C-71E186DDE4DD}</UniqueIdentifier>
    </Filter>
    <Filter Include="Movies">
      <UniqueIdentifier>{F85D97C3-E4FF-C199-CDBA-D5EDB9FB48EA}</UniqueIdentifier>
    </Filter>
    <Filter Include="Stats">
      <UniqueIdentifier>{F4391E0E-604E-46BF-29D0-E91E95A342F0}</UniqueIdentifier>
    </Filter>
    <Filter Include="TvShow">
      <UniqueIdentifier>{B0F156D4-9C93-81AA-854E-95FE718F08FB}</UniqueIdentifier>
    </Filter>
    <Filter Include="User">
      <UniqueIdentifier>{64A28D7C-50D9-8E0D-F9C5-7410E5DB0A0F}</UniqueIdentifier>
    </Filter>
  </ItemGroup>
  <ItemGroup>
    <ClInclude Include="src\Controller\controller.hpp">
      <Filter>Controller</Filter>
    </ClInclude>
    <ClInclude Include="src\Helper\database.hpp">
      <Filter>Helper</Filter>
    </ClInclude>
    <ClInclude Include="src\Movies\movies.hpp">
      <Filter>Movies</Filter>
    </ClInclude>
    <ClInclude Include="src\Stats\stats.hpp">
      <Filter>Stats</Filter>
    </ClInclude>
    <ClInclude Include="src\TvShow\tv-show.hpp">
      <Filter>TvShow</Filter>
    </ClInclude>
    <ClInclude Include="src\User\user.hpp">
      <Filter>User</Filter>
    </ClInclude>
    <ClInclude Include="src\application.hpp" />
  </ItemGroup>
  <ItemGroup>
    <ClCompile Include="src\Controller\controller.cpp">
      <Filter>Controller</Filter>
    </ClCompile>
    <ClCompile Include="src\Helper\database.cpp">
      <Filter>Helper</Filter>
    </ClCompile>
    <ClCompile Include="src\Movies\movies.cpp">
      <Filter>Movies</Filter>
    </ClCompile>
    <ClCompile Include="src\TvShow\tv-show.cpp">
      <Filter>TvShow</Filter>
    </ClCompile>
    <ClCompile Include="src\User\user.cpp">
      <Filter>User</Filter>
    </ClCompile>
    <ClCompile Include="src\application.cpp" />
    <ClCompile Include="src\main.cpp" />
  </ItemGroup>
</Project>